
Microsoft Visual Studio Solution File, Format Version 12.00
# Visual Studio 15
VisualStudioVersion = 15.0.27130.2010
MinimumVisualStudioVersion = 10.0.40219.1
Project("{FAE04EC0-301F-11D3-BF4B-00C04F79EFBC}") = "centralconfig-webapi", "centralconfig-webapi\centralconfig-webapi.csproj", "{566D7F5F-E1CF-4552-80DD-4305AC881F26}"
EndProject
Global
	GlobalSection(SolutionConfigurationPlatforms) = preSolution
		Debug|Any CPU = Debug|Any CPU
		Release|Any CPU = Release|Any CPU
	EndGlobalSection
	GlobalSection(ProjectConfigurationPlatforms) = postSolution
		{566D7F5F-E1CF-4552-80DD-4305AC881F26}.Debug|Any CPU.ActiveCfg = Debug|Any CPU
		{566D7F5F-E1CF-4552-80DD-4305AC881F26}.Debug|Any CPU.Build.0 = Debug|Any CPU
		{566D7F5F-E1CF-4552-80DD-4305AC881F26}.Release|Any CPU.ActiveCfg = Release|Any CPU
		{566D7F5F-E1CF-4552-80DD-4305AC881F26}.Release|Any CPU.Build.0 = Release|Any CPU
	EndGlobalSection
	GlobalSection(SolutionProperties) = preSolution
		HideSolutionNode = FALSE
	EndGlobalSection
	GlobalSection(ExtensibilityGlobals) = postSolution
		SolutionGuid = {54BFA48B-FAE1-4BCA-AB4E-4F7AB255F88F}
	EndGlobalSection
EndGlobal
