
Microsoft Visual Studio Solution File, Format Version 12.00
# Visual Studio 15
VisualStudioVersion = 15.0.27130.2010
MinimumVisualStudioVersion = 10.0.40219.1
Project("{FAE04EC0-301F-11D3-BF4B-00C04F79EFBC}") = "centralconfig-webapi", "centralconfig-webapi\centralconfig-webapi.csproj", "{B971D9DF-50BF-4B25-9904-A8471A8C1B97}"
EndProject
Project("{FAE04EC0-301F-11D3-BF4B-00C04F79EFBC}") = "centralconfig-webapi.library", "centralconfig-webapi.library\centralconfig-webapi.library.csproj", "{92569ABE-594C-447A-A999-57EDB29CEA1F}"
EndProject
Project("{FAE04EC0-301F-11D3-BF4B-00C04F79EFBC}") = "centralconfig-webapi.library.tests", "centralconfig-webapi.library.tests\centralconfig-webapi.library.tests.csproj", "{C31CAAB9-B66B-4D77-A8E5-605B22402697}"
EndProject
Project("{00D1A9C2-B5F0-4AF3-8072-F6C62B433612}") = "centralconfigdb", "centralconfigdb\centralconfigdb.sqlproj", "{9BF16F98-9F1F-4A71-A950-8E6C02865B95}"
EndProject
Global
	GlobalSection(SolutionConfigurationPlatforms) = preSolution
		Debug|Any CPU = Debug|Any CPU
		Release|Any CPU = Release|Any CPU
	EndGlobalSection
	GlobalSection(ProjectConfigurationPlatforms) = postSolution
		{B971D9DF-50BF-4B25-9904-A8471A8C1B97}.Debug|Any CPU.ActiveCfg = Debug|Any CPU
		{B971D9DF-50BF-4B25-9904-A8471A8C1B97}.Debug|Any CPU.Build.0 = Debug|Any CPU
		{B971D9DF-50BF-4B25-9904-A8471A8C1B97}.Release|Any CPU.ActiveCfg = Release|Any CPU
		{B971D9DF-50BF-4B25-9904-A8471A8C1B97}.Release|Any CPU.Build.0 = Release|Any CPU
		{92569ABE-594C-447A-A999-57EDB29CEA1F}.Debug|Any CPU.ActiveCfg = Debug|Any CPU
		{92569ABE-594C-447A-A999-57EDB29CEA1F}.Debug|Any CPU.Build.0 = Debug|Any CPU
		{92569ABE-594C-447A-A999-57EDB29CEA1F}.Release|Any CPU.ActiveCfg = Release|Any CPU
		{92569ABE-594C-447A-A999-57EDB29CEA1F}.Release|Any CPU.Build.0 = Release|Any CPU
		{C31CAAB9-B66B-4D77-A8E5-605B22402697}.Debug|Any CPU.ActiveCfg = Debug|Any CPU
		{C31CAAB9-B66B-4D77-A8E5-605B22402697}.Debug|Any CPU.Build.0 = Debug|Any CPU
		{C31CAAB9-B66B-4D77-A8E5-605B22402697}.Release|Any CPU.ActiveCfg = Release|Any CPU
		{C31CAAB9-B66B-4D77-A8E5-605B22402697}.Release|Any CPU.Build.0 = Release|Any CPU
		{9BF16F98-9F1F-4A71-A950-8E6C02865B95}.Debug|Any CPU.ActiveCfg = Debug|Any CPU
		{9BF16F98-9F1F-4A71-A950-8E6C02865B95}.Debug|Any CPU.Build.0 = Debug|Any CPU
		{9BF16F98-9F1F-4A71-A950-8E6C02865B95}.Debug|Any CPU.Deploy.0 = Debug|Any CPU
		{9BF16F98-9F1F-4A71-A950-8E6C02865B95}.Release|Any CPU.ActiveCfg = Release|Any CPU
		{9BF16F98-9F1F-4A71-A950-8E6C02865B95}.Release|Any CPU.Build.0 = Release|Any CPU
		{9BF16F98-9F1F-4A71-A950-8E6C02865B95}.Release|Any CPU.Deploy.0 = Release|Any CPU
	EndGlobalSection
	GlobalSection(SolutionProperties) = preSolution
		HideSolutionNode = FALSE
	EndGlobalSection
	GlobalSection(ExtensibilityGlobals) = postSolution
		SolutionGuid = {183AAA49-A44D-435B-9662-9AB5A65E0DEA}
	EndGlobalSection
EndGlobal
